
Microsoft Visual Studio Solution File, Format Version 11.00
# Visual Studio 2010
Project("{8BC9CEB8-8B4A-11D0-8D11-00A0C91BC942}") = "ComCaller", "ComCaller\ComCaller.vcxproj", "{72F80101-D8DD-49C2-9403-604DDAA2EA15}"
EndProject
Project("{8BC9CEB8-8B4A-11D0-8D11-00A0C91BC942}") = "CppCom", "CppCom\CppCom.vcxproj", "{8AFE5315-4E4D-46A9-991F-BEBC20E316A8}"
EndProject
Project("{FAE04EC0-301F-11D3-BF4B-00C04F79EFBC}") = "CSharpCom", "CSharpCom\CSharpCom.csproj", "{D44B858A-5FA5-41C1-B1CC-ADE8C7010A95}"
EndProject
Global
	GlobalSection(SolutionConfigurationPlatforms) = preSolution
		Debug|Any CPU = Debug|Any CPU
		Debug|Mixed Platforms = Debug|Mixed Platforms
		Debug|Win32 = Debug|Win32
		Release|Any CPU = Release|Any CPU
		Release|Mixed Platforms = Release|Mixed Platforms
		Release|Win32 = Release|Win32
	EndGlobalSection
	GlobalSection(ProjectConfigurationPlatforms) = postSolution
		{72F80101-D8DD-49C2-9403-604DDAA2EA15}.Debug|Any CPU.ActiveCfg = Debug|Win32
		{72F80101-D8DD-49C2-9403-604DDAA2EA15}.Debug|Mixed Platforms.ActiveCfg = Debug|Win32
		{72F80101-D8DD-49C2-9403-604DDAA2EA15}.Debug|Mixed Platforms.Build.0 = Debug|Win32
		{72F80101-D8DD-49C2-9403-604DDAA2EA15}.Debug|Win32.ActiveCfg = Debug|Win32
		{72F80101-D8DD-49C2-9403-604DDAA2EA15}.Debug|Win32.Build.0 = Debug|Win32
		{72F80101-D8DD-49C2-9403-604DDAA2EA15}.Release|Any CPU.ActiveCfg = Release|Win32
		{72F80101-D8DD-49C2-9403-604DDAA2EA15}.Release|Mixed Platforms.ActiveCfg = Release|Win32
		{72F80101-D8DD-49C2-9403-604DDAA2EA15}.Release|Mixed Platforms.Build.0 = Release|Win32
		{72F80101-D8DD-49C2-9403-604DDAA2EA15}.Release|Win32.ActiveCfg = Release|Win32
		{72F80101-D8DD-49C2-9403-604DDAA2EA15}.Release|Win32.Build.0 = Release|Win32
		{8AFE5315-4E4D-46A9-991F-BEBC20E316A8}.Debug|Any CPU.ActiveCfg = Debug|Win32
		{8AFE5315-4E4D-46A9-991F-BEBC20E316A8}.Debug|Mixed Platforms.ActiveCfg = Debug|Win32
		{8AFE5315-4E4D-46A9-991F-BEBC20E316A8}.Debug|Mixed Platforms.Build.0 = Debug|Win32
		{8AFE5315-4E4D-46A9-991F-BEBC20E316A8}.Debug|Win32.ActiveCfg = Debug|Win32
		{8AFE5315-4E4D-46A9-991F-BEBC20E316A8}.Debug|Win32.Build.0 = Debug|Win32
		{8AFE5315-4E4D-46A9-991F-BEBC20E316A8}.Release|Any CPU.ActiveCfg = Release|Win32
		{8AFE5315-4E4D-46A9-991F-BEBC20E316A8}.Release|Mixed Platforms.ActiveCfg = Release|Win32
		{8AFE5315-4E4D-46A9-991F-BEBC20E316A8}.Release|Mixed Platforms.Build.0 = Release|Win32
		{8AFE5315-4E4D-46A9-991F-BEBC20E316A8}.Release|Win32.ActiveCfg = Release|Win32
		{8AFE5315-4E4D-46A9-991F-BEBC20E316A8}.Release|Win32.Build.0 = Release|Win32
		{D44B858A-5FA5-41C1-B1CC-ADE8C7010A95}.Debug|Any CPU.ActiveCfg = Debug|Any CPU
		{D44B858A-5FA5-41C1-B1CC-ADE8C7010A95}.Debug|Any CPU.Build.0 = Debug|Any CPU
		{D44B858A-5FA5-41C1-B1CC-ADE8C7010A95}.Debug|Mixed Platforms.ActiveCfg = Debug|Any CPU
		{D44B858A-5FA5-41C1-B1CC-ADE8C7010A95}.Debug|Mixed Platforms.Build.0 = Debug|Any CPU
		{D44B858A-5FA5-41C1-B1CC-ADE8C7010A95}.Debug|Win32.ActiveCfg = Debug|Any CPU
		{D44B858A-5FA5-41C1-B1CC-ADE8C7010A95}.Release|Any CPU.ActiveCfg = Release|Any CPU
		{D44B858A-5FA5-41C1-B1CC-ADE8C7010A95}.Release|Any CPU.Build.0 = Release|Any CPU
		{D44B858A-5FA5-41C1-B1CC-ADE8C7010A95}.Release|Mixed Platforms.ActiveCfg = Release|Any CPU
		{D44B858A-5FA5-41C1-B1CC-ADE8C7010A95}.Release|Mixed Platforms.Build.0 = Release|Any CPU
		{D44B858A-5FA5-41C1-B1CC-ADE8C7010A95}.Release|Win32.ActiveCfg = Release|Any CPU
	EndGlobalSection
	GlobalSection(SolutionProperties) = preSolution
		HideSolutionNode = FALSE
	EndGlobalSection
EndGlobal
